# This file is automatically @generated by Cargo.
# It is not intended for manual editing.
version = 4

[[package]]
name = "alopex-chirps"
version = "0.1.0"

[[package]]
name = "chirps-gossip-swim"
version = "0.1.0"

[[package]]
name = "chirps-mock"
version = "0.1.0"

[[package]]
name = "chirps-transport-quic"
version = "0.1.0"

[[package]]
name = "chirps-wire"
version = "0.1.0"
